
Microsoft Visual Studio Solution File, Format Version 12.00
Project("{FAE04EC0-301F-11D3-BF4B-00C04F79EFBC}") = "GeneratorLib", "GeneratorLib\GeneratorLib.csproj", "{0B98410A-9E56-4983-AC73-E77FA3BBA4EC}"
EndProject
Global
	GlobalSection(SolutionConfigurationPlatforms) = preSolution
		Debug|Any CPU = Debug|Any CPU
		Release|Any CPU = Release|Any CPU
	EndGlobalSection
	GlobalSection(ProjectConfigurationPlatforms) = postSolution
		{0B98410A-9E56-4983-AC73-E77FA3BBA4EC}.Debug|Any CPU.ActiveCfg = Debug|Any CPU
		{0B98410A-9E56-4983-AC73-E77FA3BBA4EC}.Debug|Any CPU.Build.0 = Debug|Any CPU
		{0B98410A-9E56-4983-AC73-E77FA3BBA4EC}.Release|Any CPU.ActiveCfg = Release|Any CPU
		{0B98410A-9E56-4983-AC73-E77FA3BBA4EC}.Release|Any CPU.Build.0 = Release|Any CPU
	EndGlobalSection
EndGlobal
